// !$*UTF8*$!
{
	archiveVersion = 1;
	classes = {
	};
	objectVersion = 50;
	objects = {

/* Begin PBXBuildFile section */
		D910E1CF22AE9F9D00EC6511 /* AppDelegate.swift in Sources */ = {isa = PBXBuildFile; fileRef = D910E1CE22AE9F9D00EC6511 /* AppDelegate.swift */; };
		D910E1D422AE9F9D00EC6511 /* Main.storyboard in Resources */ = {isa = PBXBuildFile; fileRef = D910E1D222AE9F9D00EC6511 /* Main.storyboard */; };
		D910E1D622AE9F9E00EC6511 /* Assets.xcassets in Resources */ = {isa = PBXBuildFile; fileRef = D910E1D522AE9F9E00EC6511 /* Assets.xcassets */; };
		D910E1D922AE9F9E00EC6511 /* LaunchScreen.storyboard in Resources */ = {isa = PBXBuildFile; fileRef = D910E1D722AE9F9E00EC6511 /* LaunchScreen.storyboard */; };
		D910E1E122AEB2FE00EC6511 /* xmlParser.swift in Sources */ = {isa = PBXBuildFile; fileRef = D910E1E022AEB2FE00EC6511 /* xmlParser.swift */; };
		D92193A623D35D5B00117623 /* NetworkService.swift in Sources */ = {isa = PBXBuildFile; fileRef = D92193A523D35D5B00117623 /* NetworkService.swift */; };
		D92193B423D39CF400117623 /* CalenderViewController.swift in Sources */ = {isa = PBXBuildFile; fileRef = D92193B323D39CF400117623 /* CalenderViewController.swift */; };
		D92193B723D3BC8300117623 /* PresentationTableViewCell.swift in Sources */ = {isa = PBXBuildFile; fileRef = D92193B623D3BC8300117623 /* PresentationTableViewCell.swift */; };
		D92193BB23D3E84000117623 /* TalkDescriptionViewController.swift in Sources */ = {isa = PBXBuildFile; fileRef = D92193BA23D3E84000117623 /* TalkDescriptionViewController.swift */; };
		D940FDED22CE29C90063189C /* FavoritesModel.xcdatamodeld in Sources */ = {isa = PBXBuildFile; fileRef = D940FDEB22CE29C90063189C /* FavoritesModel.xcdatamodeld */; };
		D940FDF122CE42970063189C /* FavoritesTableViewCell.swift in Sources */ = {isa = PBXBuildFile; fileRef = D940FDF022CE42970063189C /* FavoritesTableViewCell.swift */; };
		D96F091D22AFA4DA00ED305F /* TalkTableViewCell.swift in Sources */ = {isa = PBXBuildFile; fileRef = D96F091C22AFA4DA00ED305F /* TalkTableViewCell.swift */; };
		D993FC1A23D30DF000B42DFA /* DataSource.swift in Sources */ = {isa = PBXBuildFile; fileRef = D993FC1923D30DF000B42DFA /* DataSource.swift */; };
		D9BDFE8A23DA117300F46CC9 /* FavoritesConferencesViewController.swift in Sources */ = {isa = PBXBuildFile; fileRef = D9BDFE8923DA117300F46CC9 /* FavoritesConferencesViewController.swift */; };
		D9BDFE8C23DA16E300F46CC9 /* FavoritesConferenceTableViewCell.swift in Sources */ = {isa = PBXBuildFile; fileRef = D9BDFE8B23DA16E300F46CC9 /* FavoritesConferenceTableViewCell.swift */; };
/* End PBXBuildFile section */

/* Begin PBXFileReference section */
		D910E1CB22AE9F9D00EC6511 /* TuebixApp.app */ = {isa = PBXFileReference; explicitFileType = wrapper.application; includeInIndex = 0; path = TuebixApp.app; sourceTree = BUILT_PRODUCTS_DIR; };
		D910E1CE22AE9F9D00EC6511 /* AppDelegate.swift */ = {isa = PBXFileReference; lastKnownFileType = sourcecode.swift; path = AppDelegate.swift; sourceTree = "<group>"; };
		D910E1D322AE9F9D00EC6511 /* Base */ = {isa = PBXFileReference; lastKnownFileType = file.storyboard; name = Base; path = Base.lproj/Main.storyboard; sourceTree = "<group>"; };
		D910E1D522AE9F9E00EC6511 /* Assets.xcassets */ = {isa = PBXFileReference; lastKnownFileType = folder.assetcatalog; path = Assets.xcassets; sourceTree = "<group>"; };
		D910E1D822AE9F9E00EC6511 /* Base */ = {isa = PBXFileReference; lastKnownFileType = file.storyboard; name = Base; path = Base.lproj/LaunchScreen.storyboard; sourceTree = "<group>"; };
		D910E1DA22AE9F9E00EC6511 /* Info.plist */ = {isa = PBXFileReference; lastKnownFileType = text.plist.xml; path = Info.plist; sourceTree = "<group>"; };
		D910E1E022AEB2FE00EC6511 /* xmlParser.swift */ = {isa = PBXFileReference; lastKnownFileType = sourcecode.swift; path = xmlParser.swift; sourceTree = "<group>"; };
		D92193A523D35D5B00117623 /* NetworkService.swift */ = {isa = PBXFileReference; lastKnownFileType = sourcecode.swift; path = NetworkService.swift; sourceTree = "<group>"; };
		D92193B323D39CF400117623 /* CalenderViewController.swift */ = {isa = PBXFileReference; lastKnownFileType = sourcecode.swift; name = CalenderViewController.swift; path = TuebixApp/Controllers/CalenderViewController.swift; sourceTree = SOURCE_ROOT; };
		D92193B623D3BC8300117623 /* PresentationTableViewCell.swift */ = {isa = PBXFileReference; lastKnownFileType = sourcecode.swift; path = PresentationTableViewCell.swift; sourceTree = "<group>"; };
		D92193BA23D3E84000117623 /* TalkDescriptionViewController.swift */ = {isa = PBXFileReference; lastKnownFileType = sourcecode.swift; path = TalkDescriptionViewController.swift; sourceTree = "<group>"; };
		D940FDEC22CE29C90063189C /* FavoritesModel.xcdatamodel */ = {isa = PBXFileReference; lastKnownFileType = wrapper.xcdatamodel; path = FavoritesModel.xcdatamodel; sourceTree = "<group>"; };
		D940FDF022CE42970063189C /* FavoritesTableViewCell.swift */ = {isa = PBXFileReference; lastKnownFileType = sourcecode.swift; path = FavoritesTableViewCell.swift; sourceTree = "<group>"; };
		D96F091C22AFA4DA00ED305F /* TalkTableViewCell.swift */ = {isa = PBXFileReference; lastKnownFileType = sourcecode.swift; path = TalkTableViewCell.swift; sourceTree = "<group>"; };
		D993FC1923D30DF000B42DFA /* DataSource.swift */ = {isa = PBXFileReference; lastKnownFileType = sourcecode.swift; path = DataSource.swift; sourceTree = "<group>"; };
		D9BDFE8923DA117300F46CC9 /* FavoritesConferencesViewController.swift */ = {isa = PBXFileReference; lastKnownFileType = sourcecode.swift; path = FavoritesConferencesViewController.swift; sourceTree = "<group>"; };
		D9BDFE8B23DA16E300F46CC9 /* FavoritesConferenceTableViewCell.swift */ = {isa = PBXFileReference; lastKnownFileType = sourcecode.swift; path = FavoritesConferenceTableViewCell.swift; sourceTree = "<group>"; };
/* End PBXFileReference section */

/* Begin PBXFrameworksBuildPhase section */
		D910E1C822AE9F9D00EC6511 /* Frameworks */ = {
			isa = PBXFrameworksBuildPhase;
			buildActionMask = 2147483647;
			files = (
			);
			runOnlyForDeploymentPostprocessing = 0;
		};
/* End PBXFrameworksBuildPhase section */

/* Begin PBXGroup section */
		D910E1C222AE9F9D00EC6511 = {
			isa = PBXGroup;
			children = (
				D910E1CD22AE9F9D00EC6511 /* TuebixApp */,
				D910E1CC22AE9F9D00EC6511 /* Products */,
			);
			sourceTree = "<group>";
		};
		D910E1CC22AE9F9D00EC6511 /* Products */ = {
			isa = PBXGroup;
			children = (
				D910E1CB22AE9F9D00EC6511 /* TuebixApp.app */,
			);
			name = Products;
			sourceTree = "<group>";
		};
		D910E1CD22AE9F9D00EC6511 /* TuebixApp */ = {
			isa = PBXGroup;
			children = (
				D92193B523D3BB4F00117623 /* View */,
				D92193A923D3732E00117623 /* Database */,
				D92193A823D3716B00117623 /* Controllers */,
				D92193A723D3714D00117623 /* xmlParser */,
				D993FC1B23D30F2500B42DFA /* services */,
				D993FC1823D30DD200B42DFA /* datasource */,
				D910E1CE22AE9F9D00EC6511 /* AppDelegate.swift */,
				D940FDEB22CE29C90063189C /* FavoritesModel.xcdatamodeld */,
				D910E1D222AE9F9D00EC6511 /* Main.storyboard */,
				D940FDF022CE42970063189C /* FavoritesTableViewCell.swift */,
				D910E1D522AE9F9E00EC6511 /* Assets.xcassets */,
				D910E1D722AE9F9E00EC6511 /* LaunchScreen.storyboard */,
				D910E1DA22AE9F9E00EC6511 /* Info.plist */,
			);
			path = TuebixApp;
			sourceTree = "<group>";
		};
		D92193A723D3714D00117623 /* xmlParser */ = {
			isa = PBXGroup;
			children = (
				D910E1E022AEB2FE00EC6511 /* xmlParser.swift */,
			);
			path = xmlParser;
			sourceTree = "<group>";
		};
		D92193A823D3716B00117623 /* Controllers */ = {
			isa = PBXGroup;
			children = (
				D92193BA23D3E84000117623 /* TalkDescriptionViewController.swift */,
				D92193B323D39CF400117623 /* CalenderViewController.swift */,
				D9BDFE8923DA117300F46CC9 /* FavoritesConferencesViewController.swift */,
			);
			path = Controllers;
			sourceTree = "<group>";
		};
		D92193A923D3732E00117623 /* Database */ = {
			isa = PBXGroup;
			children = (
			);
			path = Database;
			sourceTree = "<group>";
		};
		D92193B523D3BB4F00117623 /* View */ = {
			isa = PBXGroup;
			children = (
				D9BDFE8B23DA16E300F46CC9 /* FavoritesConferenceTableViewCell.swift */,
				D96F091C22AFA4DA00ED305F /* TalkTableViewCell.swift */,
				D92193B623D3BC8300117623 /* PresentationTableViewCell.swift */,
			);
			path = View;
			sourceTree = "<group>";
		};
		D993FC1823D30DD200B42DFA /* datasource */ = {
			isa = PBXGroup;
			children = (
				D993FC1923D30DF000B42DFA /* DataSource.swift */,
			);
			path = datasource;
			sourceTree = "<group>";
		};
		D993FC1B23D30F2500B42DFA /* services */ = {
			isa = PBXGroup;
			children = (
				D92193A523D35D5B00117623 /* NetworkService.swift */,
			);
			path = services;
			sourceTree = "<group>";
		};
/* End PBXGroup section */

/* Begin PBXNativeTarget section */
		D910E1CA22AE9F9D00EC6511 /* TuebixApp */ = {
			isa = PBXNativeTarget;
			buildConfigurationList = D910E1DD22AE9F9E00EC6511 /* Build configuration list for PBXNativeTarget "TuebixApp" */;
			buildPhases = (
				D910E1C722AE9F9D00EC6511 /* Sources */,
				D910E1C822AE9F9D00EC6511 /* Frameworks */,
				D910E1C922AE9F9D00EC6511 /* Resources */,
			);
			buildRules = (
			);
			dependencies = (
			);
			name = TuebixApp;
			productName = TuebixApp;
			productReference = D910E1CB22AE9F9D00EC6511 /* TuebixApp.app */;
			productType = "com.apple.product-type.application";
		};
/* End PBXNativeTarget section */

/* Begin PBXProject section */
		D910E1C322AE9F9D00EC6511 /* Project object */ = {
			isa = PBXProject;
			attributes = {
				LastSwiftUpdateCheck = 1020;
				LastUpgradeCheck = 1020;
				ORGANIZATIONNAME = "Alejandro Martinez Montero";
				TargetAttributes = {
					D910E1CA22AE9F9D00EC6511 = {
						CreatedOnToolsVersion = 10.2.1;
					};
				};
			};
			buildConfigurationList = D910E1C622AE9F9D00EC6511 /* Build configuration list for PBXProject "TuebixApp" */;
			compatibilityVersion = "Xcode 9.3";
			developmentRegion = en;
			hasScannedForEncodings = 0;
			knownRegions = (
				en,
				Base,
			);
			mainGroup = D910E1C222AE9F9D00EC6511;
			productRefGroup = D910E1CC22AE9F9D00EC6511 /* Products */;
			projectDirPath = "";
			projectRoot = "";
			targets = (
				D910E1CA22AE9F9D00EC6511 /* TuebixApp */,
			);
		};
/* End PBXProject section */

/* Begin PBXResourcesBuildPhase section */
		D910E1C922AE9F9D00EC6511 /* Resources */ = {
			isa = PBXResourcesBuildPhase;
			buildActionMask = 2147483647;
			files = (
				D910E1D922AE9F9E00EC6511 /* LaunchScreen.storyboard in Resources */,
				D910E1D622AE9F9E00EC6511 /* Assets.xcassets in Resources */,
				D910E1D422AE9F9D00EC6511 /* Main.storyboard in Resources */,
			);
			runOnlyForDeploymentPostprocessing = 0;
		};
/* End PBXResourcesBuildPhase section */

/* Begin PBXSourcesBuildPhase section */
		D910E1C722AE9F9D00EC6511 /* Sources */ = {
			isa = PBXSourcesBuildPhase;
			buildActionMask = 2147483647;
			files = (
				D92193B423D39CF400117623 /* CalenderViewController.swift in Sources */,
				D9BDFE8A23DA117300F46CC9 /* FavoritesConferencesViewController.swift in Sources */,
				D92193A623D35D5B00117623 /* NetworkService.swift in Sources */,
				D96F091D22AFA4DA00ED305F /* TalkTableViewCell.swift in Sources */,
				D92193B723D3BC8300117623 /* PresentationTableViewCell.swift in Sources */,
				D92193BB23D3E84000117623 /* TalkDescriptionViewController.swift in Sources */,
				D910E1CF22AE9F9D00EC6511 /* AppDelegate.swift in Sources */,
				D940FDF122CE42970063189C /* FavoritesTableViewCell.swift in Sources */,
				D910E1E122AEB2FE00EC6511 /* xmlParser.swift in Sources */,
				D993FC1A23D30DF000B42DFA /* DataSource.swift in Sources */,
				D940FDED22CE29C90063189C /* FavoritesModel.xcdatamodeld in Sources */,
				D9BDFE8C23DA16E300F46CC9 /* FavoritesConferenceTableViewCell.swift in Sources */,
			);
			runOnlyForDeploymentPostprocessing = 0;
		};
/* End PBXSourcesBuildPhase section */

/* Begin PBXVariantGroup section */
		D910E1D222AE9F9D00EC6511 /* Main.storyboard */ = {
			isa = PBXVariantGroup;
			children = (
				D910E1D322AE9F9D00EC6511 /* Base */,
			);
			name = Main.storyboard;
			sourceTree = "<group>";
		};
		D910E1D722AE9F9E00EC6511 /* LaunchScreen.storyboard */ = {
			isa = PBXVariantGroup;
			children = (
				D910E1D822AE9F9E00EC6511 /* Base */,
			);
			name = LaunchScreen.storyboard;
			sourceTree = "<group>";
		};
/* End PBXVariantGroup section */

/* Begin XCBuildConfiguration section */
		D910E1DB22AE9F9E00EC6511 /* Debug */ = {
			isa = XCBuildConfiguration;
			buildSettings = {
				ALWAYS_SEARCH_USER_PATHS = NO;
				CLANG_ANALYZER_NONNULL = YES;
				CLANG_ANALYZER_NUMBER_OBJECT_CONVERSION = YES_AGGRESSIVE;
				CLANG_CXX_LANGUAGE_STANDARD = "gnu++14";
				CLANG_CXX_LIBRARY = "libc++";
				CLANG_ENABLE_MODULES = YES;
				CLANG_ENABLE_OBJC_ARC = YES;
				CLANG_ENABLE_OBJC_WEAK = YES;
				CLANG_WARN_BLOCK_CAPTURE_AUTORELEASING = YES;
				CLANG_WARN_BOOL_CONVERSION = YES;
				CLANG_WARN_COMMA = YES;
				CLANG_WARN_CONSTANT_CONVERSION = YES;
				CLANG_WARN_DEPRECATED_OBJC_IMPLEMENTATIONS = YES;
				CLANG_WARN_DIRECT_OBJC_ISA_USAGE = YES_ERROR;
				CLANG_WARN_DOCUMENTATION_COMMENTS = YES;
				CLANG_WARN_EMPTY_BODY = YES;
				CLANG_WARN_ENUM_CONVERSION = YES;
				CLANG_WARN_INFINITE_RECURSION = YES;
				CLANG_WARN_INT_CONVERSION = YES;
				CLANG_WARN_NON_LITERAL_NULL_CONVERSION = YES;
				CLANG_WARN_OBJC_IMPLICIT_RETAIN_SELF = YES;
				CLANG_WARN_OBJC_LITERAL_CONVERSION = YES;
				CLANG_WARN_OBJC_ROOT_CLASS = YES_ERROR;
				CLANG_WARN_RANGE_LOOP_ANALYSIS = YES;
				CLANG_WARN_STRICT_PROTOTYPES = YES;
				CLANG_WARN_SUSPICIOUS_MOVE = YES;
				CLANG_WARN_UNGUARDED_AVAILABILITY = YES_AGGRESSIVE;
				CLANG_WARN_UNREACHABLE_CODE = YES;
				CLANG_WARN__DUPLICATE_METHOD_MATCH = YES;
				CODE_SIGN_IDENTITY = "iPhone Developer";
				COPY_PHASE_STRIP = NO;
				DEBUG_INFORMATION_FORMAT = dwarf;
				ENABLE_STRICT_OBJC_MSGSEND = YES;
				ENABLE_TESTABILITY = YES;
				GCC_C_LANGUAGE_STANDARD = gnu11;
				GCC_DYNAMIC_NO_PIC = NO;
				GCC_NO_COMMON_BLOCKS = YES;
				GCC_OPTIMIZATION_LEVEL = 0;
				GCC_PREPROCESSOR_DEFINITIONS = (
					"DEBUG=1",
					"$(inherited)",
				);
				GCC_WARN_64_TO_32_BIT_CONVERSION = YES;
				GCC_WARN_ABOUT_RETURN_TYPE = YES_ERROR;
				GCC_WARN_UNDECLARED_SELECTOR = YES;
				GCC_WARN_UNINITIALIZED_AUTOS = YES_AGGRESSIVE;
				GCC_WARN_UNUSED_FUNCTION = YES;
				GCC_WARN_UNUSED_VARIABLE = YES;
				IPHONEOS_DEPLOYMENT_TARGET = 12.2;
				MTL_ENABLE_DEBUG_INFO = INCLUDE_SOURCE;
				MTL_FAST_MATH = YES;
				ONLY_ACTIVE_ARCH = YES;
				SDKROOT = iphoneos;
				SWIFT_ACTIVE_COMPILATION_CONDITIONS = DEBUG;
				SWIFT_OPTIMIZATION_LEVEL = "-Onone";
			};
			name = Debug;
		};
		D910E1DC22AE9F9E00EC6511 /* Release */ = {
			isa = XCBuildConfiguration;
			buildSettings = {
				ALWAYS_SEARCH_USER_PATHS = NO;
				CLANG_ANALYZER_NONNULL = YES;
				CLANG_ANALYZER_NUMBER_OBJECT_CONVERSION = YES_AGGRESSIVE;
				CLANG_CXX_LANGUAGE_STANDARD = "gnu++14";
				CLANG_CXX_LIBRARY = "libc++";
				CLANG_ENABLE_MODULES = YES;
				CLANG_ENABLE_OBJC_ARC = YES;
				CLANG_ENABLE_OBJC_WEAK = YES;
				CLANG_WARN_BLOCK_CAPTURE_AUTORELEASING = YES;
				CLANG_WARN_BOOL_CONVERSION = YES;
				CLANG_WARN_COMMA = YES;
				CLANG_WARN_CONSTANT_CONVERSION = YES;
				CLANG_WARN_DEPRECATED_OBJC_IMPLEMENTATIONS = YES;
				CLANG_WARN_DIRECT_OBJC_ISA_USAGE = YES_ERROR;
				CLANG_WARN_DOCUMENTATION_COMMENTS = YES;
				CLANG_WARN_EMPTY_BODY = YES;
				CLANG_WARN_ENUM_CONVERSION = YES;
				CLANG_WARN_INFINITE_RECURSION = YES;
				CLANG_WARN_INT_CONVERSION = YES;
				CLANG_WARN_NON_LITERAL_NULL_CONVERSION = YES;
				CLANG_WARN_OBJC_IMPLICIT_RETAIN_SELF = YES;
				CLANG_WARN_OBJC_LITERAL_CONVERSION = YES;
				CLANG_WARN_OBJC_ROOT_CLASS = YES_ERROR;
				CLANG_WARN_RANGE_LOOP_ANALYSIS = YES;
				CLANG_WARN_STRICT_PROTOTYPES = YES;
				CLANG_WARN_SUSPICIOUS_MOVE = YES;
				CLANG_WARN_UNGUARDED_AVAILABILITY = YES_AGGRESSIVE;
				CLANG_WARN_UNREACHABLE_CODE = YES;
				CLANG_WARN__DUPLICATE_METHOD_MATCH = YES;
				CODE_SIGN_IDENTITY = "iPhone Developer";
				COPY_PHASE_STRIP = NO;
				DEBUG_INFORMATION_FORMAT = "dwarf-with-dsym";
				ENABLE_NS_ASSERTIONS = NO;
				ENABLE_STRICT_OBJC_MSGSEND = YES;
				GCC_C_LANGUAGE_STANDARD = gnu11;
				GCC_NO_COMMON_BLOCKS = YES;
				GCC_WARN_64_TO_32_BIT_CONVERSION = YES;
				GCC_WARN_ABOUT_RETURN_TYPE = YES_ERROR;
				GCC_WARN_UNDECLARED_SELECTOR = YES;
				GCC_WARN_UNINITIALIZED_AUTOS = YES_AGGRESSIVE;
				GCC_WARN_UNUSED_FUNCTION = YES;
				GCC_WARN_UNUSED_VARIABLE = YES;
				IPHONEOS_DEPLOYMENT_TARGET = 12.2;
				MTL_ENABLE_DEBUG_INFO = NO;
				MTL_FAST_MATH = YES;
				SDKROOT = iphoneos;
				SWIFT_COMPILATION_MODE = wholemodule;
				SWIFT_OPTIMIZATION_LEVEL = "-O";
				VALIDATE_PRODUCT = YES;
			};
			name = Release;
		};
		D910E1DE22AE9F9E00EC6511 /* Debug */ = {
			isa = XCBuildConfiguration;
			buildSettings = {
				ASSETCATALOG_COMPILER_APPICON_NAME = AppIcon;
				CODE_SIGN_STYLE = Automatic;
				DEVELOPMENT_TEAM = NS324YBDQX;
				INFOPLIST_FILE = TuebixApp/Info.plist;
				IPHONEOS_DEPLOYMENT_TARGET = 13.0;
				LD_RUNPATH_SEARCH_PATHS = (
					"$(inherited)",
					"@executable_path/Frameworks",
				);
				MARKETING_VERSION = 1.5.6;
				PRODUCT_BUNDLE_IDENTIFIER = com.alejandro.aeglos.TuebixApp;
				PRODUCT_NAME = "$(TARGET_NAME)";
				SWIFT_VERSION = 5.0;
				TARGETED_DEVICE_FAMILY = "1,2";
			};
			name = Debug;
		};
		D910E1DF22AE9F9E00EC6511 /* Release */ = {
			isa = XCBuildConfiguration;
			buildSettings = {
				ASSETCATALOG_COMPILER_APPICON_NAME = AppIcon;
				CODE_SIGN_STYLE = Automatic;
				DEVELOPMENT_TEAM = NS324YBDQX;
				INFOPLIST_FILE = TuebixApp/Info.plist;
				IPHONEOS_DEPLOYMENT_TARGET = 13.0;
				LD_RUNPATH_SEARCH_PATHS = (
					"$(inherited)",
					"@executable_path/Frameworks",
				);
				MARKETING_VERSION = 1.5.6;
				PRODUCT_BUNDLE_IDENTIFIER = com.alejandro.aeglos.TuebixApp;
				PRODUCT_NAME = "$(TARGET_NAME)";
				SWIFT_VERSION = 5.0;
				TARGETED_DEVICE_FAMILY = "1,2";
			};
			name = Release;
		};
/* End XCBuildConfiguration section */

/* Begin XCConfigurationList section */
		D910E1C622AE9F9D00EC6511 /* Build configuration list for PBXProject "TuebixApp" */ = {
			isa = XCConfigurationList;
			buildConfigurations = (
				D910E1DB22AE9F9E00EC6511 /* Debug */,
				D910E1DC22AE9F9E00EC6511 /* Release */,
			);
			defaultConfigurationIsVisible = 0;
			defaultConfigurationName = Release;
		};
		D910E1DD22AE9F9E00EC6511 /* Build configuration list for PBXNativeTarget "TuebixApp" */ = {
			isa = XCConfigurationList;
			buildConfigurations = (
				D910E1DE22AE9F9E00EC6511 /* Debug */,
				D910E1DF22AE9F9E00EC6511 /* Release */,
			);
			defaultConfigurationIsVisible = 0;
			defaultConfigurationName = Release;
		};
/* End XCConfigurationList section */

/* Begin XCVersionGroup section */
		D940FDEB22CE29C90063189C /* FavoritesModel.xcdatamodeld */ = {
			isa = XCVersionGroup;
			children = (
				D940FDEC22CE29C90063189C /* FavoritesModel.xcdatamodel */,
			);
			currentVersion = D940FDEC22CE29C90063189C /* FavoritesModel.xcdatamodel */;
			path = FavoritesModel.xcdatamodeld;
			sourceTree = "<group>";
			versionGroupType = wrapper.xcdatamodel;
		};
/* End XCVersionGroup section */
	};
	rootObject = D910E1C322AE9F9D00EC6511 /* Project object */;
}
